
Microsoft Visual Studio Solution File, Format Version 12.00
# Visual Studio Version 16
VisualStudioVersion = 16.0.30114.105
MinimumVisualStudioVersion = 10.0.40219.1
Project("{FAE04EC0-301F-11D3-BF4B-00C04F79EFBC}") = "boss", "boss\boss.csproj", "{8AEA5D16-B208-4EC7-95D4-B387250B8CB1}"
EndProject
Project("{FAE04EC0-301F-11D3-BF4B-00C04F79EFBC}") = "worker", "worker\worker.csproj", "{FB2F0E02-5B37-4FF0-A8CC-B14723BE4850}"
EndProject
Project("{FAE04EC0-301F-11D3-BF4B-00C04F79EFBC}") = "shared", "shared\shared.csproj", "{66695748-FD1F-48F8-8908-D5F5826F9ACA}"
EndProject
Global
	GlobalSection(SolutionConfigurationPlatforms) = preSolution
		Debug|Any CPU = Debug|Any CPU
		Release|Any CPU = Release|Any CPU
	EndGlobalSection
	GlobalSection(SolutionProperties) = preSolution
		HideSolutionNode = FALSE
	EndGlobalSection
	GlobalSection(ProjectConfigurationPlatforms) = postSolution
		{8AEA5D16-B208-4EC7-95D4-B387250B8CB1}.Debug|Any CPU.ActiveCfg = Debug|Any CPU
		{8AEA5D16-B208-4EC7-95D4-B387250B8CB1}.Debug|Any CPU.Build.0 = Debug|Any CPU
		{8AEA5D16-B208-4EC7-95D4-B387250B8CB1}.Release|Any CPU.ActiveCfg = Release|Any CPU
		{8AEA5D16-B208-4EC7-95D4-B387250B8CB1}.Release|Any CPU.Build.0 = Release|Any CPU
		{FB2F0E02-5B37-4FF0-A8CC-B14723BE4850}.Debug|Any CPU.ActiveCfg = Debug|Any CPU
		{FB2F0E02-5B37-4FF0-A8CC-B14723BE4850}.Debug|Any CPU.Build.0 = Debug|Any CPU
		{FB2F0E02-5B37-4FF0-A8CC-B14723BE4850}.Release|Any CPU.ActiveCfg = Release|Any CPU
		{FB2F0E02-5B37-4FF0-A8CC-B14723BE4850}.Release|Any CPU.Build.0 = Release|Any CPU
		{66695748-FD1F-48F8-8908-D5F5826F9ACA}.Debug|Any CPU.ActiveCfg = Debug|Any CPU
		{66695748-FD1F-48F8-8908-D5F5826F9ACA}.Debug|Any CPU.Build.0 = Debug|Any CPU
		{66695748-FD1F-48F8-8908-D5F5826F9ACA}.Release|Any CPU.ActiveCfg = Release|Any CPU
		{66695748-FD1F-48F8-8908-D5F5826F9ACA}.Release|Any CPU.Build.0 = Release|Any CPU
	EndGlobalSection
EndGlobal
